
Microsoft Visual Studio Solution File, Format Version 12.00
Project("{FAE04EC0-301F-11D3-BF4B-00C04F79EFBC}") = "Overflow.AppHost", "Overflow.AppHost\Overflow.AppHost.csproj", "{2F9960A0-9191-4753-AE61-A6CA5D1BD395}"
EndProject
Project("{FAE04EC0-301F-11D3-BF4B-00C04F79EFBC}") = "Overflow.ServiceDefaults", "Overflow.ServiceDefaults\Overflow.ServiceDefaults.csproj", "{28D295FB-D5BB-4C21-BCA6-2E42BFC0A5A0}"
EndProject
Project("{2150E333-8FDC-42A3-9474-1A3956D46DE8}") = "services", "services", "{D0DB8C72-ECDC-4926-B9D1-DED19EEECE04}"
EndProject
Project("{FAE04EC0-301F-11D3-BF4B-00C04F79EFBC}") = "QuestionService", "QuestionService\QuestionService.csproj", "{93C0603F-0F86-4CD7-930A-CDEEB31F282F}"
EndProject
Project("{FAE04EC0-301F-11D3-BF4B-00C04F79EFBC}") = "SearchService", "SearchService\SearchService.csproj", "{27EA712D-E62D-498E-BE11-5856522ABCF7}"
EndProject
Project("{2150E333-8FDC-42A3-9474-1A3956D46DE8}") = "common", "common", "{89E52279-EE60-458C-8244-91D13D55DEBB}"
EndProject
Project("{FAE04EC0-301F-11D3-BF4B-00C04F79EFBC}") = "Contracts", "Contracts\Contracts.csproj", "{41FC2070-0F13-4F95-A2F4-1FC1A2F20591}"
EndProject
Global
	GlobalSection(SolutionConfigurationPlatforms) = preSolution
		Debug|Any CPU = Debug|Any CPU
		Release|Any CPU = Release|Any CPU
	EndGlobalSection
	GlobalSection(ProjectConfigurationPlatforms) = postSolution
		{2F9960A0-9191-4753-AE61-A6CA5D1BD395}.Debug|Any CPU.ActiveCfg = Debug|Any CPU
		{2F9960A0-9191-4753-AE61-A6CA5D1BD395}.Debug|Any CPU.Build.0 = Debug|Any CPU
		{2F9960A0-9191-4753-AE61-A6CA5D1BD395}.Release|Any CPU.ActiveCfg = Release|Any CPU
		{2F9960A0-9191-4753-AE61-A6CA5D1BD395}.Release|Any CPU.Build.0 = Release|Any CPU
		{28D295FB-D5BB-4C21-BCA6-2E42BFC0A5A0}.Debug|Any CPU.ActiveCfg = Debug|Any CPU
		{28D295FB-D5BB-4C21-BCA6-2E42BFC0A5A0}.Debug|Any CPU.Build.0 = Debug|Any CPU
		{28D295FB-D5BB-4C21-BCA6-2E42BFC0A5A0}.Release|Any CPU.ActiveCfg = Release|Any CPU
		{28D295FB-D5BB-4C21-BCA6-2E42BFC0A5A0}.Release|Any CPU.Build.0 = Release|Any CPU
		{93C0603F-0F86-4CD7-930A-CDEEB31F282F}.Debug|Any CPU.ActiveCfg = Debug|Any CPU
		{93C0603F-0F86-4CD7-930A-CDEEB31F282F}.Debug|Any CPU.Build.0 = Debug|Any CPU
		{93C0603F-0F86-4CD7-930A-CDEEB31F282F}.Release|Any CPU.ActiveCfg = Release|Any CPU
		{93C0603F-0F86-4CD7-930A-CDEEB31F282F}.Release|Any CPU.Build.0 = Release|Any CPU
		{27EA712D-E62D-498E-BE11-5856522ABCF7}.Debug|Any CPU.ActiveCfg = Debug|Any CPU
		{27EA712D-E62D-498E-BE11-5856522ABCF7}.Debug|Any CPU.Build.0 = Debug|Any CPU
		{27EA712D-E62D-498E-BE11-5856522ABCF7}.Release|Any CPU.ActiveCfg = Release|Any CPU
		{27EA712D-E62D-498E-BE11-5856522ABCF7}.Release|Any CPU.Build.0 = Release|Any CPU
		{41FC2070-0F13-4F95-A2F4-1FC1A2F20591}.Debug|Any CPU.ActiveCfg = Debug|Any CPU
		{41FC2070-0F13-4F95-A2F4-1FC1A2F20591}.Debug|Any CPU.Build.0 = Debug|Any CPU
		{41FC2070-0F13-4F95-A2F4-1FC1A2F20591}.Release|Any CPU.ActiveCfg = Release|Any CPU
		{41FC2070-0F13-4F95-A2F4-1FC1A2F20591}.Release|Any CPU.Build.0 = Release|Any CPU
	EndGlobalSection
	GlobalSection(NestedProjects) = preSolution
		{93C0603F-0F86-4CD7-930A-CDEEB31F282F} = {D0DB8C72-ECDC-4926-B9D1-DED19EEECE04}
		{27EA712D-E62D-498E-BE11-5856522ABCF7} = {D0DB8C72-ECDC-4926-B9D1-DED19EEECE04}
		{41FC2070-0F13-4F95-A2F4-1FC1A2F20591} = {89E52279-EE60-458C-8244-91D13D55DEBB}
	EndGlobalSection
EndGlobal
